// !$*UTF8*$!
{
	archiveVersion = 1;
	classes = {
	};
	objectVersion = 50;
	objects = {

/* Begin PBXBuildFile section */
		18DAB43922781C3A005723AF /* AppDelegate.swift in Sources */ = {isa = PBXBuildFile; fileRef = 18DAB43822781C3A005723AF /* AppDelegate.swift */; };
		18DAB43B22781C3A005723AF /* ViewController.swift in Sources */ = {isa = PBXBuildFile; fileRef = 18DAB43A22781C3A005723AF /* ViewController.swift */; };
		18DAB43E22781C3A005723AF /* Main.storyboard in Resources */ = {isa = PBXBuildFile; fileRef = 18DAB43C22781C3A005723AF /* Main.storyboard */; };
		18DAB44022781C3C005723AF /* Assets.xcassets in Resources */ = {isa = PBXBuildFile; fileRef = 18DAB43F22781C3C005723AF /* Assets.xcassets */; };
		18DAB44322781C3C005723AF /* LaunchScreen.storyboard in Resources */ = {isa = PBXBuildFile; fileRef = 18DAB44122781C3C005723AF /* LaunchScreen.storyboard */; };
		18DAB44E22781C3C005723AF /* MapTests.swift in Sources */ = {isa = PBXBuildFile; fileRef = 18DAB44D22781C3C005723AF /* MapTests.swift */; };
		18DAB45922781C3C005723AF /* MapUITests.swift in Sources */ = {isa = PBXBuildFile; fileRef = 18DAB45822781C3C005723AF /* MapUITests.swift */; };
/* End PBXBuildFile section */

/* Begin PBXContainerItemProxy section */
		18DAB44A22781C3C005723AF /* PBXContainerItemProxy */ = {
			isa = PBXContainerItemProxy;
			containerPortal = 18DAB42D22781C3A005723AF /* Project object */;
			proxyType = 1;
			remoteGlobalIDString = 18DAB43422781C3A005723AF;
			remoteInfo = Map;
		};
		18DAB45522781C3C005723AF /* PBXContainerItemProxy */ = {
			isa = PBXContainerItemProxy;
			containerPortal = 18DAB42D22781C3A005723AF /* Project object */;
			proxyType = 1;
			remoteGlobalIDString = 18DAB43422781C3A005723AF;
			remoteInfo = Map;
		};
/* End PBXContainerItemProxy section */

/* Begin PBXFileReference section */
		18DAB43522781C3A005723AF /* Map.app */ = {isa = PBXFileReference; explicitFileType = wrapper.application; includeInIndex = 0; path = Map.app; sourceTree = BUILT_PRODUCTS_DIR; };
		18DAB43822781C3A005723AF /* AppDelegate.swift */ = {isa = PBXFileReference; lastKnownFileType = sourcecode.swift; path = AppDelegate.swift; sourceTree = "<group>"; };
		18DAB43A22781C3A005723AF /* ViewController.swift */ = {isa = PBXFileReference; lastKnownFileType = sourcecode.swift; path = ViewController.swift; sourceTree = "<group>"; };
		18DAB43D22781C3A005723AF /* Base */ = {isa = PBXFileReference; lastKnownFileType = file.storyboard; name = Base; path = Base.lproj/Main.storyboard; sourceTree = "<group>"; };
		18DAB43F22781C3C005723AF /* Assets.xcassets */ = {isa = PBXFileReference; lastKnownFileType = folder.assetcatalog; path = Assets.xcassets; sourceTree = "<group>"; };
		18DAB44222781C3C005723AF /* Base */ = {isa = PBXFileReference; lastKnownFileType = file.storyboard; name = Base; path = Base.lproj/LaunchScreen.storyboard; sourceTree = "<group>"; };
		18DAB44422781C3C005723AF /* Info.plist */ = {isa = PBXFileReference; lastKnownFileType = text.plist.xml; path = Info.plist; sourceTree = "<group>"; };
		18DAB44922781C3C005723AF /* MapTests.xctest */ = {isa = PBXFileReference; explicitFileType = wrapper.cfbundle; includeInIndex = 0; path = MapTests.xctest; sourceTree = BUILT_PRODUCTS_DIR; };
		18DAB44D22781C3C005723AF /* MapTests.swift */ = {isa = PBXFileReference; lastKnownFileType = sourcecode.swift; path = MapTests.swift; sourceTree = "<group>"; };
		18DAB44F22781C3C005723AF /* Info.plist */ = {isa = PBXFileReference; lastKnownFileType = text.plist.xml; path = Info.plist; sourceTree = "<group>"; };
		18DAB45422781C3C005723AF /* MapUITests.xctest */ = {isa = PBXFileReference; explicitFileType = wrapper.cfbundle; includeInIndex = 0; path = MapUITests.xctest; sourceTree = BUILT_PRODUCTS_DIR; };
		18DAB45822781C3C005723AF /* MapUITests.swift */ = {isa = PBXFileReference; lastKnownFileType = sourcecode.swift; path = MapUITests.swift; sourceTree = "<group>"; };
		18DAB45A22781C3C005723AF /* Info.plist */ = {isa = PBXFileReference; lastKnownFileType = text.plist.xml; path = Info.plist; sourceTree = "<group>"; };
/* End PBXFileReference section */

/* Begin PBXFrameworksBuildPhase section */
		18DAB43222781C3A005723AF /* Frameworks */ = {
			isa = PBXFrameworksBuildPhase;
			buildActionMask = 2147483647;
			files = (
			);
			runOnlyForDeploymentPostprocessing = 0;
		};
		18DAB44622781C3C005723AF /* Frameworks */ = {
			isa = PBXFrameworksBuildPhase;
			buildActionMask = 2147483647;
			files = (
			);
			runOnlyForDeploymentPostprocessing = 0;
		};
		18DAB45122781C3C005723AF /* Frameworks */ = {
			isa = PBXFrameworksBuildPhase;
			buildActionMask = 2147483647;
			files = (
			);
			runOnlyForDeploymentPostprocessing = 0;
		};
/* End PBXFrameworksBuildPhase section */

/* Begin PBXGroup section */
		18DAB42C22781C3A005723AF = {
			isa = PBXGroup;
			children = (
				18DAB43722781C3A005723AF /* Map */,
				18DAB44C22781C3C005723AF /* MapTests */,
				18DAB45722781C3C005723AF /* MapUITests */,
				18DAB43622781C3A005723AF /* Products */,
			);
			sourceTree = "<group>";
		};
		18DAB43622781C3A005723AF /* Products */ = {
			isa = PBXGroup;
			children = (
				18DAB43522781C3A005723AF /* Map.app */,
				18DAB44922781C3C005723AF /* MapTests.xctest */,
				18DAB45422781C3C005723AF /* MapUITests.xctest */,
			);
			name = Products;
			sourceTree = "<group>";
		};
		18DAB43722781C3A005723AF /* Map */ = {
			isa = PBXGroup;
			children = (
				18DAB43822781C3A005723AF /* AppDelegate.swift */,
				18DAB43A22781C3A005723AF /* ViewController.swift */,
				18DAB43C22781C3A005723AF /* Main.storyboard */,
				18DAB43F22781C3C005723AF /* Assets.xcassets */,
				18DAB44122781C3C005723AF /* LaunchScreen.storyboard */,
				18DAB44422781C3C005723AF /* Info.plist */,
			);
			path = Map;
			sourceTree = "<group>";
		};
		18DAB44C22781C3C005723AF /* MapTests */ = {
			isa = PBXGroup;
			children = (
				18DAB44D22781C3C005723AF /* MapTests.swift */,
				18DAB44F22781C3C005723AF /* Info.plist */,
			);
			path = MapTests;
			sourceTree = "<group>";
		};
		18DAB45722781C3C005723AF /* MapUITests */ = {
			isa = PBXGroup;
			children = (
				18DAB45822781C3C005723AF /* MapUITests.swift */,
				18DAB45A22781C3C005723AF /* Info.plist */,
			);
			path = MapUITests;
			sourceTree = "<group>";
		};
/* End PBXGroup section */

/* Begin PBXNativeTarget section */
		18DAB43422781C3A005723AF /* Map */ = {
			isa = PBXNativeTarget;
			buildConfigurationList = 18DAB45D22781C3C005723AF /* Build configuration list for PBXNativeTarget "Map" */;
			buildPhases = (
				18DAB43122781C3A005723AF /* Sources */,
				18DAB43222781C3A005723AF /* Frameworks */,
				18DAB43322781C3A005723AF /* Resources */,
			);
			buildRules = (
			);
			dependencies = (
			);
			name = Map;
			productName = Map;
			productReference = 18DAB43522781C3A005723AF /* Map.app */;
			productType = "com.apple.product-type.application";
		};
		18DAB44822781C3C005723AF /* MapTests */ = {
			isa = PBXNativeTarget;
			buildConfigurationList = 18DAB46022781C3C005723AF /* Build configuration list for PBXNativeTarget "MapTests" */;
			buildPhases = (
				18DAB44522781C3C005723AF /* Sources */,
				18DAB44622781C3C005723AF /* Frameworks */,
				18DAB44722781C3C005723AF /* Resources */,
			);
			buildRules = (
			);
			dependencies = (
				18DAB44B22781C3C005723AF /* PBXTargetDependency */,
			);
			name = MapTests;
			productName = MapTests;
			productReference = 18DAB44922781C3C005723AF /* MapTests.xctest */;
			productType = "com.apple.product-type.bundle.unit-test";
		};
		18DAB45322781C3C005723AF /* MapUITests */ = {
			isa = PBXNativeTarget;
			buildConfigurationList = 18DAB46322781C3C005723AF /* Build configuration list for PBXNativeTarget "MapUITests" */;
			buildPhases = (
				18DAB45022781C3C005723AF /* Sources */,
				18DAB45122781C3C005723AF /* Frameworks */,
				18DAB45222781C3C005723AF /* Resources */,
			);
			buildRules = (
			);
			dependencies = (
				18DAB45622781C3C005723AF /* PBXTargetDependency */,
			);
			name = MapUITests;
			productName = MapUITests;
			productReference = 18DAB45422781C3C005723AF /* MapUITests.xctest */;
			productType = "com.apple.product-type.bundle.ui-testing";
		};
/* End PBXNativeTarget section */

/* Begin PBXProject section */
		18DAB42D22781C3A005723AF /* Project object */ = {
			isa = PBXProject;
			attributes = {
				LastSwiftUpdateCheck = 1010;
				LastUpgradeCheck = 1010;
				ORGANIZATIONNAME = WADE;
				TargetAttributes = {
					18DAB43422781C3A005723AF = {
						CreatedOnToolsVersion = 10.1;
					};
					18DAB44822781C3C005723AF = {
						CreatedOnToolsVersion = 10.1;
						TestTargetID = 18DAB43422781C3A005723AF;
					};
					18DAB45322781C3C005723AF = {
						CreatedOnToolsVersion = 10.1;
						TestTargetID = 18DAB43422781C3A005723AF;
					};
				};
			};
			buildConfigurationList = 18DAB43022781C3A005723AF /* Build configuration list for PBXProject "Map" */;
			compatibilityVersion = "Xcode 9.3";
			developmentRegion = en;
			hasScannedForEncodings = 0;
			knownRegions = (
				en,
				Base,
			);
			mainGroup = 18DAB42C22781C3A005723AF;
			productRefGroup = 18DAB43622781C3A005723AF /* Products */;
			projectDirPath = "";
			projectRoot = "";
			targets = (
				18DAB43422781C3A005723AF /* Map */,
				18DAB44822781C3C005723AF /* MapTests */,
				18DAB45322781C3C005723AF /* MapUITests */,
			);
		};
/* End PBXProject section */

/* Begin PBXResourcesBuildPhase section */
		18DAB43322781C3A005723AF /* Resources */ = {
			isa = PBXResourcesBuildPhase;
			buildActionMask = 2147483647;
			files = (
				18DAB44322781C3C005723AF /* LaunchScreen.storyboard in Resources */,
				18DAB44022781C3C005723AF /* Assets.xcassets in Resources */,
				18DAB43E22781C3A005723AF /* Main.storyboard in Resources */,
			);
			runOnlyForDeploymentPostprocessing = 0;
		};
		18DAB44722781C3C005723AF /* Resources */ = {
			isa = PBXResourcesBuildPhase;
			buildActionMask = 2147483647;
			files = (
			);
			runOnlyForDeploymentPostprocessing = 0;
		};
		18DAB45222781C3C005723AF /* Resources */ = {
			isa = PBXResourcesBuildPhase;
			buildActionMask = 2147483647;
			files = (
			);
			runOnlyForDeploymentPostprocessing = 0;
		};
/* End PBXResourcesBuildPhase section */

/* Begin PBXSourcesBuildPhase section */
		18DAB43122781C3A005723AF /* Sources */ = {
			isa = PBXSourcesBuildPhase;
			buildActionMask = 2147483647;
			files = (
				18DAB43B22781C3A005723AF /* ViewController.swift in Sources */,
				18DAB43922781C3A005723AF /* AppDelegate.swift in Sources */,
			);
			runOnlyForDeploymentPostprocessing = 0;
		};
		18DAB44522781C3C005723AF /* Sources */ = {
			isa = PBXSourcesBuildPhase;
			buildActionMask = 2147483647;
			files = (
				18DAB44E22781C3C005723AF /* MapTests.swift in Sources */,
			);
			runOnlyForDeploymentPostprocessing = 0;
		};
		18DAB45022781C3C005723AF /* Sources */ = {
			isa = PBXSourcesBuildPhase;
			buildActionMask = 2147483647;
			files = (
				18DAB45922781C3C005723AF /* MapUITests.swift in Sources */,
			);
			runOnlyForDeploymentPostprocessing = 0;
		};
/* End PBXSourcesBuildPhase section */

/* Begin PBXTargetDependency section */
		18DAB44B22781C3C005723AF /* PBXTargetDependency */ = {
			isa = PBXTargetDependency;
			target = 18DAB43422781C3A005723AF /* Map */;
			targetProxy = 18DAB44A22781C3C005723AF /* PBXContainerItemProxy */;
		};
		18DAB45622781C3C005723AF /* PBXTargetDependency */ = {
			isa = PBXTargetDependency;
			target = 18DAB43422781C3A005723AF /* Map */;
			targetProxy = 18DAB45522781C3C005723AF /* PBXContainerItemProxy */;
		};
/* End PBXTargetDependency section */

/* Begin PBXVariantGroup section */
		18DAB43C22781C3A005723AF /* Main.storyboard */ = {
			isa = PBXVariantGroup;
			children = (
				18DAB43D22781C3A005723AF /* Base */,
			);
			name = Main.storyboard;
			sourceTree = "<group>";
		};
		18DAB44122781C3C005723AF /* LaunchScreen.storyboard */ = {
			isa = PBXVariantGroup;
			children = (
				18DAB44222781C3C005723AF /* Base */,
			);
			name = LaunchScreen.storyboard;
			sourceTree = "<group>";
		};
/* End PBXVariantGroup section */

/* Begin XCBuildConfiguration section */
		18DAB45B22781C3C005723AF /* Debug */ = {
			isa = XCBuildConfiguration;
			buildSettings = {
				ALWAYS_SEARCH_USER_PATHS = NO;
				CLANG_ANALYZER_NONNULL = YES;
				CLANG_ANALYZER_NUMBER_OBJECT_CONVERSION = YES_AGGRESSIVE;
				CLANG_CXX_LANGUAGE_STANDARD = "gnu++14";
				CLANG_CXX_LIBRARY = "libc++";
				CLANG_ENABLE_MODULES = YES;
				CLANG_ENABLE_OBJC_ARC = YES;
				CLANG_ENABLE_OBJC_WEAK = YES;
				CLANG_WARN_BLOCK_CAPTURE_AUTORELEASING = YES;
				CLANG_WARN_BOOL_CONVERSION = YES;
				CLANG_WARN_COMMA = YES;
				CLANG_WARN_CONSTANT_CONVERSION = YES;
				CLANG_WARN_DEPRECATED_OBJC_IMPLEMENTATIONS = YES;
				CLANG_WARN_DIRECT_OBJC_ISA_USAGE = YES_ERROR;
				CLANG_WARN_DOCUMENTATION_COMMENTS = YES;
				CLANG_WARN_EMPTY_BODY = YES;
				CLANG_WARN_ENUM_CONVERSION = YES;
				CLANG_WARN_INFINITE_RECURSION = YES;
				CLANG_WARN_INT_CONVERSION = YES;
				CLANG_WARN_NON_LITERAL_NULL_CONVERSION = YES;
				CLANG_WARN_OBJC_IMPLICIT_RETAIN_SELF = YES;
				CLANG_WARN_OBJC_LITERAL_CONVERSION = YES;
				CLANG_WARN_OBJC_ROOT_CLASS = YES_ERROR;
				CLANG_WARN_RANGE_LOOP_ANALYSIS = YES;
				CLANG_WARN_STRICT_PROTOTYPES = YES;
				CLANG_WARN_SUSPICIOUS_MOVE = YES;
				CLANG_WARN_UNGUARDED_AVAILABILITY = YES_AGGRESSIVE;
				CLANG_WARN_UNREACHABLE_CODE = YES;
				CLANG_WARN__DUPLICATE_METHOD_MATCH = YES;
				CODE_SIGN_IDENTITY = "iPhone Developer";
				COPY_PHASE_STRIP = NO;
				DEBUG_INFORMATION_FORMAT = dwarf;
				ENABLE_STRICT_OBJC_MSGSEND = YES;
				ENABLE_TESTABILITY = YES;
				GCC_C_LANGUAGE_STANDARD = gnu11;
				GCC_DYNAMIC_NO_PIC = NO;
				GCC_NO_COMMON_BLOCKS = YES;
				GCC_OPTIMIZATION_LEVEL = 0;
				GCC_PREPROCESSOR_DEFINITIONS = (
					"DEBUG=1",
					"$(inherited)",
				);
				GCC_WARN_64_TO_32_BIT_CONVERSION = YES;
				GCC_WARN_ABOUT_RETURN_TYPE = YES_ERROR;
				GCC_WARN_UNDECLARED_SELECTOR = YES;
				GCC_WARN_UNINITIALIZED_AUTOS = YES_AGGRESSIVE;
				GCC_WARN_UNUSED_FUNCTION = YES;
				GCC_WARN_UNUSED_VARIABLE = YES;
				IPHONEOS_DEPLOYMENT_TARGET = 12.1;
				MTL_ENABLE_DEBUG_INFO = INCLUDE_SOURCE;
				MTL_FAST_MATH = YES;
				ONLY_ACTIVE_ARCH = YES;
				SDKROOT = iphoneos;
				SWIFT_ACTIVE_COMPILATION_CONDITIONS = DEBUG;
				SWIFT_OPTIMIZATION_LEVEL = "-Onone";
			};
			name = Debug;
		};
		18DAB45C22781C3C005723AF /* Release */ = {
			isa = XCBuildConfiguration;
			buildSettings = {
				ALWAYS_SEARCH_USER_PATHS = NO;
				CLANG_ANALYZER_NONNULL = YES;
				CLANG_ANALYZER_NUMBER_OBJECT_CONVERSION = YES_AGGRESSIVE;
				CLANG_CXX_LANGUAGE_STANDARD = "gnu++14";
				CLANG_CXX_LIBRARY = "libc++";
				CLANG_ENABLE_MODULES = YES;
				CLANG_ENABLE_OBJC_ARC = YES;
				CLANG_ENABLE_OBJC_WEAK = YES;
				CLANG_WARN_BLOCK_CAPTURE_AUTORELEASING = YES;
				CLANG_WARN_BOOL_CONVERSION = YES;
				CLANG_WARN_COMMA = YES;
				CLANG_WARN_CONSTANT_CONVERSION = YES;
				CLANG_WARN_DEPRECATED_OBJC_IMPLEMENTATIONS = YES;
				CLANG_WARN_DIRECT_OBJC_ISA_USAGE = YES_ERROR;
				CLANG_WARN_DOCUMENTATION_COMMENTS = YES;
				CLANG_WARN_EMPTY_BODY = YES;
				CLANG_WARN_ENUM_CONVERSION = YES;
				CLANG_WARN_INFINITE_RECURSION = YES;
				CLANG_WARN_INT_CONVERSION = YES;
				CLANG_WARN_NON_LITERAL_NULL_CONVERSION = YES;
				CLANG_WARN_OBJC_IMPLICIT_RETAIN_SELF = YES;
				CLANG_WARN_OBJC_LITERAL_CONVERSION = YES;
				CLANG_WARN_OBJC_ROOT_CLASS = YES_ERROR;
				CLANG_WARN_RANGE_LOOP_ANALYSIS = YES;
				CLANG_WARN_STRICT_PROTOTYPES = YES;
				CLANG_WARN_SUSPICIOUS_MOVE = YES;
				CLANG_WARN_UNGUARDED_AVAILABILITY = YES_AGGRESSIVE;
				CLANG_WARN_UNREACHABLE_CODE = YES;
				CLANG_WARN__DUPLICATE_METHOD_MATCH = YES;
				CODE_SIGN_IDENTITY = "iPhone Developer";
				COPY_PHASE_STRIP = NO;
				DEBUG_INFORMATION_FORMAT = "dwarf-with-dsym";
				ENABLE_NS_ASSERTIONS = NO;
				ENABLE_STRICT_OBJC_MSGSEND = YES;
				GCC_C_LANGUAGE_STANDARD = gnu11;
				GCC_NO_COMMON_BLOCKS = YES;
				GCC_WARN_64_TO_32_BIT_CONVERSION = YES;
				GCC_WARN_ABOUT_RETURN_TYPE = YES_ERROR;
				GCC_WARN_UNDECLARED_SELECTOR = YES;
				GCC_WARN_UNINITIALIZED_AUTOS = YES_AGGRESSIVE;
				GCC_WARN_UNUSED_FUNCTION = YES;
				GCC_WARN_UNUSED_VARIABLE = YES;
				IPHONEOS_DEPLOYMENT_TARGET = 12.1;
				MTL_ENABLE_DEBUG_INFO = NO;
				MTL_FAST_MATH = YES;
				SDKROOT = iphoneos;
				SWIFT_COMPILATION_MODE = wholemodule;
				SWIFT_OPTIMIZATION_LEVEL = "-O";
				VALIDATE_PRODUCT = YES;
			};
			name = Release;
		};
		18DAB45E22781C3C005723AF /* Debug */ = {
			isa = XCBuildConfiguration;
			buildSettings = {
				ASSETCATALOG_COMPILER_APPICON_NAME = AppIcon;
				CODE_SIGN_STYLE = Automatic;
				DEVELOPMENT_TEAM = 5VC2DQQ9MD;
				INFOPLIST_FILE = Map/Info.plist;
				LD_RUNPATH_SEARCH_PATHS = (
					"$(inherited)",
					"@executable_path/Frameworks",
				);
				PRODUCT_BUNDLE_IDENTIFIER = com.WadeSHUN.Map;
				PRODUCT_NAME = "$(TARGET_NAME)";
				SWIFT_VERSION = 4.2;
				TARGETED_DEVICE_FAMILY = "1,2";
			};
			name = Debug;
		};
		18DAB45F22781C3C005723AF /* Release */ = {
			isa = XCBuildConfiguration;
			buildSettings = {
				ASSETCATALOG_COMPILER_APPICON_NAME = AppIcon;
				CODE_SIGN_STYLE = Automatic;
				DEVELOPMENT_TEAM = 5VC2DQQ9MD;
				INFOPLIST_FILE = Map/Info.plist;
				LD_RUNPATH_SEARCH_PATHS = (
					"$(inherited)",
					"@executable_path/Frameworks",
				);
				PRODUCT_BUNDLE_IDENTIFIER = com.WadeSHUN.Map;
				PRODUCT_NAME = "$(TARGET_NAME)";
				SWIFT_VERSION = 4.2;
				TARGETED_DEVICE_FAMILY = "1,2";
			};
			name = Release;
		};
		18DAB46122781C3C005723AF /* Debug */ = {
			isa = XCBuildConfiguration;
			buildSettings = {
				ALWAYS_EMBED_SWIFT_STANDARD_LIBRARIES = YES;
				BUNDLE_LOADER = "$(TEST_HOST)";
				CODE_SIGN_STYLE = Automatic;
				DEVELOPMENT_TEAM = 5VC2DQQ9MD;
				INFOPLIST_FILE = MapTests/Info.plist;
				LD_RUNPATH_SEARCH_PATHS = (
					"$(inherited)",
					"@executable_path/Frameworks",
					"@loader_path/Frameworks",
				);
				PRODUCT_BUNDLE_IDENTIFIER = com.WadeSHUN.MapTests;
				PRODUCT_NAME = "$(TARGET_NAME)";
				SWIFT_VERSION = 4.2;
				TARGETED_DEVICE_FAMILY = "1,2";
				TEST_HOST = "$(BUILT_PRODUCTS_DIR)/Map.app/Map";
			};
			name = Debug;
		};
		18DAB46222781C3C005723AF /* Release */ = {
			isa = XCBuildConfiguration;
			buildSettings = {
				ALWAYS_EMBED_SWIFT_STANDARD_LIBRARIES = YES;
				BUNDLE_LOADER = "$(TEST_HOST)";
				CODE_SIGN_STYLE = Automatic;
				DEVELOPMENT_TEAM = 5VC2DQQ9MD;
				INFOPLIST_FILE = MapTests/Info.plist;
				LD_RUNPATH_SEARCH_PATHS = (
					"$(inherited)",
					"@executable_path/Frameworks",
					"@loader_path/Frameworks",
				);
				PRODUCT_BUNDLE_IDENTIFIER = com.WadeSHUN.MapTests;
				PRODUCT_NAME = "$(TARGET_NAME)";
				SWIFT_VERSION = 4.2;
				TARGETED_DEVICE_FAMILY = "1,2";
				TEST_HOST = "$(BUILT_PRODUCTS_DIR)/Map.app/Map";
			};
			name = Release;
		};
		18DAB46422781C3C005723AF /* Debug */ = {
			isa = XCBuildConfiguration;
			buildSettings = {
				ALWAYS_EMBED_SWIFT_STANDARD_LIBRARIES = YES;
				CODE_SIGN_STYLE = Automatic;
				DEVELOPMENT_TEAM = 5VC2DQQ9MD;
				INFOPLIST_FILE = MapUITests/Info.plist;
				LD_RUNPATH_SEARCH_PATHS = (
					"$(inherited)",
					"@executable_path/Frameworks",
					"@loader_path/Frameworks",
				);
				PRODUCT_BUNDLE_IDENTIFIER = com.WadeSHUN.MapUITests;
				PRODUCT_NAME = "$(TARGET_NAME)";
				SWIFT_VERSION = 4.2;
				TARGETED_DEVICE_FAMILY = "1,2";
				TEST_TARGET_NAME = Map;
			};
			name = Debug;
		};
		18DAB46522781C3C005723AF /* Release */ = {
			isa = XCBuildConfiguration;
			buildSettings = {
				ALWAYS_EMBED_SWIFT_STANDARD_LIBRARIES = YES;
				CODE_SIGN_STYLE = Automatic;
				DEVELOPMENT_TEAM = 5VC2DQQ9MD;
				INFOPLIST_FILE = MapUITests/Info.plist;
				LD_RUNPATH_SEARCH_PATHS = (
					"$(inherited)",
					"@executable_path/Frameworks",
					"@loader_path/Frameworks",
				);
				PRODUCT_BUNDLE_IDENTIFIER = com.WadeSHUN.MapUITests;
				PRODUCT_NAME = "$(TARGET_NAME)";
				SWIFT_VERSION = 4.2;
				TARGETED_DEVICE_FAMILY = "1,2";
				TEST_TARGET_NAME = Map;
			};
			name = Release;
		};
/* End XCBuildConfiguration section */

/* Begin XCConfigurationList section */
		18DAB43022781C3A005723AF /* Build configuration list for PBXProject "Map" */ = {
			isa = XCConfigurationList;
			buildConfigurations = (
				18DAB45B22781C3C005723AF /* Debug */,
				18DAB45C22781C3C005723AF /* Release */,
			);
			defaultConfigurationIsVisible = 0;
			defaultConfigurationName = Release;
		};
		18DAB45D22781C3C005723AF /* Build configuration list for PBXNativeTarget "Map" */ = {
			isa = XCConfigurationList;
			buildConfigurations = (
				18DAB45E22781C3C005723AF /* Debug */,
				18DAB45F22781C3C005723AF /* Release */,
			);
			defaultConfigurationIsVisible = 0;
			defaultConfigurationName = Release;
		};
		18DAB46022781C3C005723AF /* Build configuration list for PBXNativeTarget "MapTests" */ = {
			isa = XCConfigurationList;
			buildConfigurations = (
				18DAB46122781C3C005723AF /* Debug */,
				18DAB46222781C3C005723AF /* Release */,
			);
			defaultConfigurationIsVisible = 0;
			defaultConfigurationName = Release;
		};
		18DAB46322781C3C005723AF /* Build configuration list for PBXNativeTarget "MapUITests" */ = {
			isa = XCConfigurationList;
			buildConfigurations = (
				18DAB46422781C3C005723AF /* Debug */,
				18DAB46522781C3C005723AF /* Release */,
			);
			defaultConfigurationIsVisible = 0;
			defaultConfigurationName = Release;
		};
/* End XCConfigurationList section */
	};
	rootObject = 18DAB42D22781C3A005723AF /* Project object */;
}
