// !$*UTF8*$!
{
	archiveVersion = 1;
	classes = {
	};
	objectVersion = 50;
	objects = {

/* Begin PBXBuildFile section */
		005EAC312216DC7900D31581 /* AppDelegate.swift in Sources */ = {isa = PBXBuildFile; fileRef = 005EAC302216DC7900D31581 /* AppDelegate.swift */; };
		005EAC332216DC7900D31581 /* ViewController.swift in Sources */ = {isa = PBXBuildFile; fileRef = 005EAC322216DC7900D31581 /* ViewController.swift */; };
		005EAC362216DC7900D31581 /* Main.storyboard in Resources */ = {isa = PBXBuildFile; fileRef = 005EAC342216DC7900D31581 /* Main.storyboard */; };
		005EAC382216DC7B00D31581 /* Assets.xcassets in Resources */ = {isa = PBXBuildFile; fileRef = 005EAC372216DC7B00D31581 /* Assets.xcassets */; };
		005EAC3B2216DC7B00D31581 /* LaunchScreen.storyboard in Resources */ = {isa = PBXBuildFile; fileRef = 005EAC392216DC7B00D31581 /* LaunchScreen.storyboard */; };
		005EAC462216DC7B00D31581 /* _____Tests.swift in Sources */ = {isa = PBXBuildFile; fileRef = 005EAC452216DC7B00D31581 /* _____Tests.swift */; };
		005EAC512216DC7B00D31581 /* _____UITests.swift in Sources */ = {isa = PBXBuildFile; fileRef = 005EAC502216DC7B00D31581 /* _____UITests.swift */; };
/* End PBXBuildFile section */

/* Begin PBXContainerItemProxy section */
		005EAC422216DC7B00D31581 /* PBXContainerItemProxy */ = {
			isa = PBXContainerItemProxy;
			containerPortal = 005EAC252216DC7900D31581 /* Project object */;
			proxyType = 1;
			remoteGlobalIDString = 005EAC2C2216DC7900D31581;
			remoteInfo = "倒數計時器";
		};
		005EAC4D2216DC7B00D31581 /* PBXContainerItemProxy */ = {
			isa = PBXContainerItemProxy;
			containerPortal = 005EAC252216DC7900D31581 /* Project object */;
			proxyType = 1;
			remoteGlobalIDString = 005EAC2C2216DC7900D31581;
			remoteInfo = "倒數計時器";
		};
/* End PBXContainerItemProxy section */

/* Begin PBXFileReference section */
		005EAC2D2216DC7900D31581 /* 倒數計時器.app */ = {isa = PBXFileReference; explicitFileType = wrapper.application; includeInIndex = 0; path = "倒數計時器.app"; sourceTree = BUILT_PRODUCTS_DIR; };
		005EAC302216DC7900D31581 /* AppDelegate.swift */ = {isa = PBXFileReference; lastKnownFileType = sourcecode.swift; path = AppDelegate.swift; sourceTree = "<group>"; };
		005EAC322216DC7900D31581 /* ViewController.swift */ = {isa = PBXFileReference; lastKnownFileType = sourcecode.swift; path = ViewController.swift; sourceTree = "<group>"; };
		005EAC352216DC7900D31581 /* Base */ = {isa = PBXFileReference; lastKnownFileType = file.storyboard; name = Base; path = Base.lproj/Main.storyboard; sourceTree = "<group>"; };
		005EAC372216DC7B00D31581 /* Assets.xcassets */ = {isa = PBXFileReference; lastKnownFileType = folder.assetcatalog; path = Assets.xcassets; sourceTree = "<group>"; };
		005EAC3A2216DC7B00D31581 /* Base */ = {isa = PBXFileReference; lastKnownFileType = file.storyboard; name = Base; path = Base.lproj/LaunchScreen.storyboard; sourceTree = "<group>"; };
		005EAC3C2216DC7B00D31581 /* Info.plist */ = {isa = PBXFileReference; lastKnownFileType = text.plist.xml; path = Info.plist; sourceTree = "<group>"; };
		005EAC412216DC7B00D31581 /* 倒數計時器Tests.xctest */ = {isa = PBXFileReference; explicitFileType = wrapper.cfbundle; includeInIndex = 0; path = "倒數計時器Tests.xctest"; sourceTree = BUILT_PRODUCTS_DIR; };
		005EAC452216DC7B00D31581 /* _____Tests.swift */ = {isa = PBXFileReference; lastKnownFileType = sourcecode.swift; path = "_____Tests.swift"; sourceTree = "<group>"; };
		005EAC472216DC7B00D31581 /* Info.plist */ = {isa = PBXFileReference; lastKnownFileType = text.plist.xml; path = Info.plist; sourceTree = "<group>"; };
		005EAC4C2216DC7B00D31581 /* 倒數計時器UITests.xctest */ = {isa = PBXFileReference; explicitFileType = wrapper.cfbundle; includeInIndex = 0; path = "倒數計時器UITests.xctest"; sourceTree = BUILT_PRODUCTS_DIR; };
		005EAC502216DC7B00D31581 /* _____UITests.swift */ = {isa = PBXFileReference; lastKnownFileType = sourcecode.swift; path = "_____UITests.swift"; sourceTree = "<group>"; };
		005EAC522216DC7B00D31581 /* Info.plist */ = {isa = PBXFileReference; lastKnownFileType = text.plist.xml; path = Info.plist; sourceTree = "<group>"; };
/* End PBXFileReference section */

/* Begin PBXFrameworksBuildPhase section */
		005EAC2A2216DC7900D31581 /* Frameworks */ = {
			isa = PBXFrameworksBuildPhase;
			buildActionMask = 2147483647;
			files = (
			);
			runOnlyForDeploymentPostprocessing = 0;
		};
		005EAC3E2216DC7B00D31581 /* Frameworks */ = {
			isa = PBXFrameworksBuildPhase;
			buildActionMask = 2147483647;
			files = (
			);
			runOnlyForDeploymentPostprocessing = 0;
		};
		005EAC492216DC7B00D31581 /* Frameworks */ = {
			isa = PBXFrameworksBuildPhase;
			buildActionMask = 2147483647;
			files = (
			);
			runOnlyForDeploymentPostprocessing = 0;
		};
/* End PBXFrameworksBuildPhase section */

/* Begin PBXGroup section */
		005EAC242216DC7900D31581 = {
			isa = PBXGroup;
			children = (
				005EAC2F2216DC7900D31581 /* 倒數計時器 */,
				005EAC442216DC7B00D31581 /* 倒數計時器Tests */,
				005EAC4F2216DC7B00D31581 /* 倒數計時器UITests */,
				005EAC2E2216DC7900D31581 /* Products */,
			);
			sourceTree = "<group>";
		};
		005EAC2E2216DC7900D31581 /* Products */ = {
			isa = PBXGroup;
			children = (
				005EAC2D2216DC7900D31581 /* 倒數計時器.app */,
				005EAC412216DC7B00D31581 /* 倒數計時器Tests.xctest */,
				005EAC4C2216DC7B00D31581 /* 倒數計時器UITests.xctest */,
			);
			name = Products;
			sourceTree = "<group>";
		};
		005EAC2F2216DC7900D31581 /* 倒數計時器 */ = {
			isa = PBXGroup;
			children = (
				005EAC302216DC7900D31581 /* AppDelegate.swift */,
				005EAC322216DC7900D31581 /* ViewController.swift */,
				005EAC342216DC7900D31581 /* Main.storyboard */,
				005EAC372216DC7B00D31581 /* Assets.xcassets */,
				005EAC392216DC7B00D31581 /* LaunchScreen.storyboard */,
				005EAC3C2216DC7B00D31581 /* Info.plist */,
			);
			path = "倒數計時器";
			sourceTree = "<group>";
		};
		005EAC442216DC7B00D31581 /* 倒數計時器Tests */ = {
			isa = PBXGroup;
			children = (
				005EAC452216DC7B00D31581 /* _____Tests.swift */,
				005EAC472216DC7B00D31581 /* Info.plist */,
			);
			path = "倒數計時器Tests";
			sourceTree = "<group>";
		};
		005EAC4F2216DC7B00D31581 /* 倒數計時器UITests */ = {
			isa = PBXGroup;
			children = (
				005EAC502216DC7B00D31581 /* _____UITests.swift */,
				005EAC522216DC7B00D31581 /* Info.plist */,
			);
			path = "倒數計時器UITests";
			sourceTree = "<group>";
		};
/* End PBXGroup section */

/* Begin PBXNativeTarget section */
		005EAC2C2216DC7900D31581 /* 倒數計時器 */ = {
			isa = PBXNativeTarget;
			buildConfigurationList = 005EAC552216DC7C00D31581 /* Build configuration list for PBXNativeTarget "倒數計時器" */;
			buildPhases = (
				005EAC292216DC7900D31581 /* Sources */,
				005EAC2A2216DC7900D31581 /* Frameworks */,
				005EAC2B2216DC7900D31581 /* Resources */,
			);
			buildRules = (
			);
			dependencies = (
			);
			name = "倒數計時器";
			productName = "倒數計時器";
			productReference = 005EAC2D2216DC7900D31581 /* 倒數計時器.app */;
			productType = "com.apple.product-type.application";
		};
		005EAC402216DC7B00D31581 /* 倒數計時器Tests */ = {
			isa = PBXNativeTarget;
			buildConfigurationList = 005EAC582216DC7C00D31581 /* Build configuration list for PBXNativeTarget "倒數計時器Tests" */;
			buildPhases = (
				005EAC3D2216DC7B00D31581 /* Sources */,
				005EAC3E2216DC7B00D31581 /* Frameworks */,
				005EAC3F2216DC7B00D31581 /* Resources */,
			);
			buildRules = (
			);
			dependencies = (
				005EAC432216DC7B00D31581 /* PBXTargetDependency */,
			);
			name = "倒數計時器Tests";
			productName = "倒數計時器Tests";
			productReference = 005EAC412216DC7B00D31581 /* 倒數計時器Tests.xctest */;
			productType = "com.apple.product-type.bundle.unit-test";
		};
		005EAC4B2216DC7B00D31581 /* 倒數計時器UITests */ = {
			isa = PBXNativeTarget;
			buildConfigurationList = 005EAC5B2216DC7C00D31581 /* Build configuration list for PBXNativeTarget "倒數計時器UITests" */;
			buildPhases = (
				005EAC482216DC7B00D31581 /* Sources */,
				005EAC492216DC7B00D31581 /* Frameworks */,
				005EAC4A2216DC7B00D31581 /* Resources */,
			);
			buildRules = (
			);
			dependencies = (
				005EAC4E2216DC7B00D31581 /* PBXTargetDependency */,
			);
			name = "倒數計時器UITests";
			productName = "倒數計時器UITests";
			productReference = 005EAC4C2216DC7B00D31581 /* 倒數計時器UITests.xctest */;
			productType = "com.apple.product-type.bundle.ui-testing";
		};
/* End PBXNativeTarget section */

/* Begin PBXProject section */
		005EAC252216DC7900D31581 /* Project object */ = {
			isa = PBXProject;
			attributes = {
				LastSwiftUpdateCheck = 0940;
				LastUpgradeCheck = 0940;
				ORGANIZATIONNAME = Cheetah;
				TargetAttributes = {
					005EAC2C2216DC7900D31581 = {
						CreatedOnToolsVersion = 9.4.1;
					};
					005EAC402216DC7B00D31581 = {
						CreatedOnToolsVersion = 9.4.1;
						TestTargetID = 005EAC2C2216DC7900D31581;
					};
					005EAC4B2216DC7B00D31581 = {
						CreatedOnToolsVersion = 9.4.1;
						TestTargetID = 005EAC2C2216DC7900D31581;
					};
				};
			};
			buildConfigurationList = 005EAC282216DC7900D31581 /* Build configuration list for PBXProject "倒數計時器" */;
			compatibilityVersion = "Xcode 9.3";
			developmentRegion = en;
			hasScannedForEncodings = 0;
			knownRegions = (
				en,
				Base,
			);
			mainGroup = 005EAC242216DC7900D31581;
			productRefGroup = 005EAC2E2216DC7900D31581 /* Products */;
			projectDirPath = "";
			projectRoot = "";
			targets = (
				005EAC2C2216DC7900D31581 /* 倒數計時器 */,
				005EAC402216DC7B00D31581 /* 倒數計時器Tests */,
				005EAC4B2216DC7B00D31581 /* 倒數計時器UITests */,
			);
		};
/* End PBXProject section */

/* Begin PBXResourcesBuildPhase section */
		005EAC2B2216DC7900D31581 /* Resources */ = {
			isa = PBXResourcesBuildPhase;
			buildActionMask = 2147483647;
			files = (
				005EAC3B2216DC7B00D31581 /* LaunchScreen.storyboard in Resources */,
				005EAC382216DC7B00D31581 /* Assets.xcassets in Resources */,
				005EAC362216DC7900D31581 /* Main.storyboard in Resources */,
			);
			runOnlyForDeploymentPostprocessing = 0;
		};
		005EAC3F2216DC7B00D31581 /* Resources */ = {
			isa = PBXResourcesBuildPhase;
			buildActionMask = 2147483647;
			files = (
			);
			runOnlyForDeploymentPostprocessing = 0;
		};
		005EAC4A2216DC7B00D31581 /* Resources */ = {
			isa = PBXResourcesBuildPhase;
			buildActionMask = 2147483647;
			files = (
			);
			runOnlyForDeploymentPostprocessing = 0;
		};
/* End PBXResourcesBuildPhase section */

/* Begin PBXSourcesBuildPhase section */
		005EAC292216DC7900D31581 /* Sources */ = {
			isa = PBXSourcesBuildPhase;
			buildActionMask = 2147483647;
			files = (
				005EAC332216DC7900D31581 /* ViewController.swift in Sources */,
				005EAC312216DC7900D31581 /* AppDelegate.swift in Sources */,
			);
			runOnlyForDeploymentPostprocessing = 0;
		};
		005EAC3D2216DC7B00D31581 /* Sources */ = {
			isa = PBXSourcesBuildPhase;
			buildActionMask = 2147483647;
			files = (
				005EAC462216DC7B00D31581 /* _____Tests.swift in Sources */,
			);
			runOnlyForDeploymentPostprocessing = 0;
		};
		005EAC482216DC7B00D31581 /* Sources */ = {
			isa = PBXSourcesBuildPhase;
			buildActionMask = 2147483647;
			files = (
				005EAC512216DC7B00D31581 /* _____UITests.swift in Sources */,
			);
			runOnlyForDeploymentPostprocessing = 0;
		};
/* End PBXSourcesBuildPhase section */

/* Begin PBXTargetDependency section */
		005EAC432216DC7B00D31581 /* PBXTargetDependency */ = {
			isa = PBXTargetDependency;
			target = 005EAC2C2216DC7900D31581 /* 倒數計時器 */;
			targetProxy = 005EAC422216DC7B00D31581 /* PBXContainerItemProxy */;
		};
		005EAC4E2216DC7B00D31581 /* PBXTargetDependency */ = {
			isa = PBXTargetDependency;
			target = 005EAC2C2216DC7900D31581 /* 倒數計時器 */;
			targetProxy = 005EAC4D2216DC7B00D31581 /* PBXContainerItemProxy */;
		};
/* End PBXTargetDependency section */

/* Begin PBXVariantGroup section */
		005EAC342216DC7900D31581 /* Main.storyboard */ = {
			isa = PBXVariantGroup;
			children = (
				005EAC352216DC7900D31581 /* Base */,
			);
			name = Main.storyboard;
			sourceTree = "<group>";
		};
		005EAC392216DC7B00D31581 /* LaunchScreen.storyboard */ = {
			isa = PBXVariantGroup;
			children = (
				005EAC3A2216DC7B00D31581 /* Base */,
			);
			name = LaunchScreen.storyboard;
			sourceTree = "<group>";
		};
/* End PBXVariantGroup section */

/* Begin XCBuildConfiguration section */
		005EAC532216DC7C00D31581 /* Debug */ = {
			isa = XCBuildConfiguration;
			buildSettings = {
				ALWAYS_SEARCH_USER_PATHS = NO;
				CLANG_ANALYZER_NONNULL = YES;
				CLANG_ANALYZER_NUMBER_OBJECT_CONVERSION = YES_AGGRESSIVE;
				CLANG_CXX_LANGUAGE_STANDARD = "gnu++14";
				CLANG_CXX_LIBRARY = "libc++";
				CLANG_ENABLE_MODULES = YES;
				CLANG_ENABLE_OBJC_ARC = YES;
				CLANG_ENABLE_OBJC_WEAK = YES;
				CLANG_WARN_BLOCK_CAPTURE_AUTORELEASING = YES;
				CLANG_WARN_BOOL_CONVERSION = YES;
				CLANG_WARN_COMMA = YES;
				CLANG_WARN_CONSTANT_CONVERSION = YES;
				CLANG_WARN_DEPRECATED_OBJC_IMPLEMENTATIONS = YES;
				CLANG_WARN_DIRECT_OBJC_ISA_USAGE = YES_ERROR;
				CLANG_WARN_DOCUMENTATION_COMMENTS = YES;
				CLANG_WARN_EMPTY_BODY = YES;
				CLANG_WARN_ENUM_CONVERSION = YES;
				CLANG_WARN_INFINITE_RECURSION = YES;
				CLANG_WARN_INT_CONVERSION = YES;
				CLANG_WARN_NON_LITERAL_NULL_CONVERSION = YES;
				CLANG_WARN_OBJC_IMPLICIT_RETAIN_SELF = YES;
				CLANG_WARN_OBJC_LITERAL_CONVERSION = YES;
				CLANG_WARN_OBJC_ROOT_CLASS = YES_ERROR;
				CLANG_WARN_RANGE_LOOP_ANALYSIS = YES;
				CLANG_WARN_STRICT_PROTOTYPES = YES;
				CLANG_WARN_SUSPICIOUS_MOVE = YES;
				CLANG_WARN_UNGUARDED_AVAILABILITY = YES_AGGRESSIVE;
				CLANG_WARN_UNREACHABLE_CODE = YES;
				CLANG_WARN__DUPLICATE_METHOD_MATCH = YES;
				CODE_SIGN_IDENTITY = "iPhone Developer";
				COPY_PHASE_STRIP = NO;
				DEBUG_INFORMATION_FORMAT = dwarf;
				ENABLE_STRICT_OBJC_MSGSEND = YES;
				ENABLE_TESTABILITY = YES;
				GCC_C_LANGUAGE_STANDARD = gnu11;
				GCC_DYNAMIC_NO_PIC = NO;
				GCC_NO_COMMON_BLOCKS = YES;
				GCC_OPTIMIZATION_LEVEL = 0;
				GCC_PREPROCESSOR_DEFINITIONS = (
					"DEBUG=1",
					"$(inherited)",
				);
				GCC_WARN_64_TO_32_BIT_CONVERSION = YES;
				GCC_WARN_ABOUT_RETURN_TYPE = YES_ERROR;
				GCC_WARN_UNDECLARED_SELECTOR = YES;
				GCC_WARN_UNINITIALIZED_AUTOS = YES_AGGRESSIVE;
				GCC_WARN_UNUSED_FUNCTION = YES;
				GCC_WARN_UNUSED_VARIABLE = YES;
				IPHONEOS_DEPLOYMENT_TARGET = 11.4;
				MTL_ENABLE_DEBUG_INFO = YES;
				ONLY_ACTIVE_ARCH = YES;
				SDKROOT = iphoneos;
				SWIFT_ACTIVE_COMPILATION_CONDITIONS = DEBUG;
				SWIFT_OPTIMIZATION_LEVEL = "-Onone";
			};
			name = Debug;
		};
		005EAC542216DC7C00D31581 /* Release */ = {
			isa = XCBuildConfiguration;
			buildSettings = {
				ALWAYS_SEARCH_USER_PATHS = NO;
				CLANG_ANALYZER_NONNULL = YES;
				CLANG_ANALYZER_NUMBER_OBJECT_CONVERSION = YES_AGGRESSIVE;
				CLANG_CXX_LANGUAGE_STANDARD = "gnu++14";
				CLANG_CXX_LIBRARY = "libc++";
				CLANG_ENABLE_MODULES = YES;
				CLANG_ENABLE_OBJC_ARC = YES;
				CLANG_ENABLE_OBJC_WEAK = YES;
				CLANG_WARN_BLOCK_CAPTURE_AUTORELEASING = YES;
				CLANG_WARN_BOOL_CONVERSION = YES;
				CLANG_WARN_COMMA = YES;
				CLANG_WARN_CONSTANT_CONVERSION = YES;
				CLANG_WARN_DEPRECATED_OBJC_IMPLEMENTATIONS = YES;
				CLANG_WARN_DIRECT_OBJC_ISA_USAGE = YES_ERROR;
				CLANG_WARN_DOCUMENTATION_COMMENTS = YES;
				CLANG_WARN_EMPTY_BODY = YES;
				CLANG_WARN_ENUM_CONVERSION = YES;
				CLANG_WARN_INFINITE_RECURSION = YES;
				CLANG_WARN_INT_CONVERSION = YES;
				CLANG_WARN_NON_LITERAL_NULL_CONVERSION = YES;
				CLANG_WARN_OBJC_IMPLICIT_RETAIN_SELF = YES;
				CLANG_WARN_OBJC_LITERAL_CONVERSION = YES;
				CLANG_WARN_OBJC_ROOT_CLASS = YES_ERROR;
				CLANG_WARN_RANGE_LOOP_ANALYSIS = YES;
				CLANG_WARN_STRICT_PROTOTYPES = YES;
				CLANG_WARN_SUSPICIOUS_MOVE = YES;
				CLANG_WARN_UNGUARDED_AVAILABILITY = YES_AGGRESSIVE;
				CLANG_WARN_UNREACHABLE_CODE = YES;
				CLANG_WARN__DUPLICATE_METHOD_MATCH = YES;
				CODE_SIGN_IDENTITY = "iPhone Developer";
				COPY_PHASE_STRIP = NO;
				DEBUG_INFORMATION_FORMAT = "dwarf-with-dsym";
				ENABLE_NS_ASSERTIONS = NO;
				ENABLE_STRICT_OBJC_MSGSEND = YES;
				GCC_C_LANGUAGE_STANDARD = gnu11;
				GCC_NO_COMMON_BLOCKS = YES;
				GCC_WARN_64_TO_32_BIT_CONVERSION = YES;
				GCC_WARN_ABOUT_RETURN_TYPE = YES_ERROR;
				GCC_WARN_UNDECLARED_SELECTOR = YES;
				GCC_WARN_UNINITIALIZED_AUTOS = YES_AGGRESSIVE;
				GCC_WARN_UNUSED_FUNCTION = YES;
				GCC_WARN_UNUSED_VARIABLE = YES;
				IPHONEOS_DEPLOYMENT_TARGET = 11.4;
				MTL_ENABLE_DEBUG_INFO = NO;
				SDKROOT = iphoneos;
				SWIFT_COMPILATION_MODE = wholemodule;
				SWIFT_OPTIMIZATION_LEVEL = "-O";
				VALIDATE_PRODUCT = YES;
			};
			name = Release;
		};
		005EAC562216DC7C00D31581 /* Debug */ = {
			isa = XCBuildConfiguration;
			buildSettings = {
				ASSETCATALOG_COMPILER_APPICON_NAME = AppIcon;
				CODE_SIGN_STYLE = Automatic;
				INFOPLIST_FILE = "倒數計時器/Info.plist";
				LD_RUNPATH_SEARCH_PATHS = (
					"$(inherited)",
					"@executable_path/Frameworks",
				);
				PRODUCT_BUNDLE_IDENTIFIER = "com.wade.khh.-----";
				PRODUCT_NAME = "$(TARGET_NAME)";
				SWIFT_VERSION = 4.0;
				TARGETED_DEVICE_FAMILY = "1,2";
			};
			name = Debug;
		};
		005EAC572216DC7C00D31581 /* Release */ = {
			isa = XCBuildConfiguration;
			buildSettings = {
				ASSETCATALOG_COMPILER_APPICON_NAME = AppIcon;
				CODE_SIGN_STYLE = Automatic;
				INFOPLIST_FILE = "倒數計時器/Info.plist";
				LD_RUNPATH_SEARCH_PATHS = (
					"$(inherited)",
					"@executable_path/Frameworks",
				);
				PRODUCT_BUNDLE_IDENTIFIER = "com.wade.khh.-----";
				PRODUCT_NAME = "$(TARGET_NAME)";
				SWIFT_VERSION = 4.0;
				TARGETED_DEVICE_FAMILY = "1,2";
			};
			name = Release;
		};
		005EAC592216DC7C00D31581 /* Debug */ = {
			isa = XCBuildConfiguration;
			buildSettings = {
				ALWAYS_EMBED_SWIFT_STANDARD_LIBRARIES = YES;
				BUNDLE_LOADER = "$(TEST_HOST)";
				CODE_SIGN_STYLE = Automatic;
				INFOPLIST_FILE = "倒數計時器Tests/Info.plist";
				LD_RUNPATH_SEARCH_PATHS = (
					"$(inherited)",
					"@executable_path/Frameworks",
					"@loader_path/Frameworks",
				);
				PRODUCT_BUNDLE_IDENTIFIER = "com.wade.khh.-----Tests";
				PRODUCT_NAME = "$(TARGET_NAME)";
				SWIFT_VERSION = 4.0;
				TARGETED_DEVICE_FAMILY = "1,2";
				TEST_HOST = "$(BUILT_PRODUCTS_DIR)/倒數計時器.app/倒數計時器";
			};
			name = Debug;
		};
		005EAC5A2216DC7C00D31581 /* Release */ = {
			isa = XCBuildConfiguration;
			buildSettings = {
				ALWAYS_EMBED_SWIFT_STANDARD_LIBRARIES = YES;
				BUNDLE_LOADER = "$(TEST_HOST)";
				CODE_SIGN_STYLE = Automatic;
				INFOPLIST_FILE = "倒數計時器Tests/Info.plist";
				LD_RUNPATH_SEARCH_PATHS = (
					"$(inherited)",
					"@executable_path/Frameworks",
					"@loader_path/Frameworks",
				);
				PRODUCT_BUNDLE_IDENTIFIER = "com.wade.khh.-----Tests";
				PRODUCT_NAME = "$(TARGET_NAME)";
				SWIFT_VERSION = 4.0;
				TARGETED_DEVICE_FAMILY = "1,2";
				TEST_HOST = "$(BUILT_PRODUCTS_DIR)/倒數計時器.app/倒數計時器";
			};
			name = Release;
		};
		005EAC5C2216DC7C00D31581 /* Debug */ = {
			isa = XCBuildConfiguration;
			buildSettings = {
				ALWAYS_EMBED_SWIFT_STANDARD_LIBRARIES = YES;
				CODE_SIGN_STYLE = Automatic;
				INFOPLIST_FILE = "倒數計時器UITests/Info.plist";
				LD_RUNPATH_SEARCH_PATHS = (
					"$(inherited)",
					"@executable_path/Frameworks",
					"@loader_path/Frameworks",
				);
				PRODUCT_BUNDLE_IDENTIFIER = "com.wade.khh.-----UITests";
				PRODUCT_NAME = "$(TARGET_NAME)";
				SWIFT_VERSION = 4.0;
				TARGETED_DEVICE_FAMILY = "1,2";
				TEST_TARGET_NAME = "倒數計時器";
			};
			name = Debug;
		};
		005EAC5D2216DC7C00D31581 /* Release */ = {
			isa = XCBuildConfiguration;
			buildSettings = {
				ALWAYS_EMBED_SWIFT_STANDARD_LIBRARIES = YES;
				CODE_SIGN_STYLE = Automatic;
				INFOPLIST_FILE = "倒數計時器UITests/Info.plist";
				LD_RUNPATH_SEARCH_PATHS = (
					"$(inherited)",
					"@executable_path/Frameworks",
					"@loader_path/Frameworks",
				);
				PRODUCT_BUNDLE_IDENTIFIER = "com.wade.khh.-----UITests";
				PRODUCT_NAME = "$(TARGET_NAME)";
				SWIFT_VERSION = 4.0;
				TARGETED_DEVICE_FAMILY = "1,2";
				TEST_TARGET_NAME = "倒數計時器";
			};
			name = Release;
		};
/* End XCBuildConfiguration section */

/* Begin XCConfigurationList section */
		005EAC282216DC7900D31581 /* Build configuration list for PBXProject "倒數計時器" */ = {
			isa = XCConfigurationList;
			buildConfigurations = (
				005EAC532216DC7C00D31581 /* Debug */,
				005EAC542216DC7C00D31581 /* Release */,
			);
			defaultConfigurationIsVisible = 0;
			defaultConfigurationName = Release;
		};
		005EAC552216DC7C00D31581 /* Build configuration list for PBXNativeTarget "倒數計時器" */ = {
			isa = XCConfigurationList;
			buildConfigurations = (
				005EAC562216DC7C00D31581 /* Debug */,
				005EAC572216DC7C00D31581 /* Release */,
			);
			defaultConfigurationIsVisible = 0;
			defaultConfigurationName = Release;
		};
		005EAC582216DC7C00D31581 /* Build configuration list for PBXNativeTarget "倒數計時器Tests" */ = {
			isa = XCConfigurationList;
			buildConfigurations = (
				005EAC592216DC7C00D31581 /* Debug */,
				005EAC5A2216DC7C00D31581 /* Release */,
			);
			defaultConfigurationIsVisible = 0;
			defaultConfigurationName = Release;
		};
		005EAC5B2216DC7C00D31581 /* Build configuration list for PBXNativeTarget "倒數計時器UITests" */ = {
			isa = XCConfigurationList;
			buildConfigurations = (
				005EAC5C2216DC7C00D31581 /* Debug */,
				005EAC5D2216DC7C00D31581 /* Release */,
			);
			defaultConfigurationIsVisible = 0;
			defaultConfigurationName = Release;
		};
/* End XCConfigurationList section */
	};
	rootObject = 005EAC252216DC7900D31581 /* Project object */;
}
